// !$*UTF8*$!
{
	archiveVersion = 1;
	classes = {
	};
	objectVersion = 46;
	objects = {

/* Begin PBXBuildFile section */
		11009C386F105210965D5489 /* Pods.framework in Frameworks */ = {isa = PBXBuildFile; fileRef = 6EE3A7756C01FA64CBC43E21 /* Pods.framework */; settings = {ATTRIBUTES = (Weak, ); }; };
		AC27A0941BC6CC57003B4E85 /* VCMangerViewController.swift in Sources */ = {isa = PBXBuildFile; fileRef = AC27A0931BC6CC57003B4E85 /* VCMangerViewController.swift */; settings = {ASSET_TAGS = (); }; };
		AC27A0961BC6CC99003B4E85 /* MenuViewController.swift in Sources */ = {isa = PBXBuildFile; fileRef = AC27A0951BC6CC99003B4E85 /* MenuViewController.swift */; settings = {ASSET_TAGS = (); }; };
		AC27A0981BC6CE3D003B4E85 /* MenuProfileViewCell.swift in Sources */ = {isa = PBXBuildFile; fileRef = AC27A0971BC6CE3D003B4E85 /* MenuProfileViewCell.swift */; settings = {ASSET_TAGS = (); }; };
		AC27A09A1BC6CE5A003B4E85 /* MenuOptionViewCell.swift in Sources */ = {isa = PBXBuildFile; fileRef = AC27A0991BC6CE5A003B4E85 /* MenuOptionViewCell.swift */; settings = {ASSET_TAGS = (); }; };
		AC282C491BC08C6F00D2074C /* TweetComposerViewController.swift in Sources */ = {isa = PBXBuildFile; fileRef = AC282C481BC08C6F00D2074C /* TweetComposerViewController.swift */; settings = {ASSET_TAGS = (); }; };
		AC6CBAC91BC81DDC004C42F0 /* UserProfileViewCell.swift in Sources */ = {isa = PBXBuildFile; fileRef = AC6CBAC81BC81DDC004C42F0 /* UserProfileViewCell.swift */; settings = {ASSET_TAGS = (); }; };
		AC6CBACB1BC81E71004C42F0 /* UserProfileViewController.swift in Sources */ = {isa = PBXBuildFile; fileRef = AC6CBACA1BC81E71004C42F0 /* UserProfileViewController.swift */; settings = {ASSET_TAGS = (); }; };
		AC9FA6CC1BBBAE03003F0F91 /* TwitterClient.swift in Sources */ = {isa = PBXBuildFile; fileRef = AC9FA6CB1BBBAE03003F0F91 /* TwitterClient.swift */; settings = {ASSET_TAGS = (); }; };
		AC9FA6CF1BBBAFE1003F0F91 /* CredentialsInfo.plist in Resources */ = {isa = PBXBuildFile; fileRef = AC9FA6CE1BBBAFE1003F0F91 /* CredentialsInfo.plist */; settings = {ASSET_TAGS = (); }; };
		AC9FA6D11BBBB02E003F0F91 /* TwitterLoginViewController.swift in Sources */ = {isa = PBXBuildFile; fileRef = AC9FA6D01BBBB02E003F0F91 /* TwitterLoginViewController.swift */; settings = {ASSET_TAGS = (); }; };
		AC9FA7111BBC2B28003F0F91 /* AppConstants.swift in Sources */ = {isa = PBXBuildFile; fileRef = AC9FA7101BBC2B28003F0F91 /* AppConstants.swift */; settings = {ASSET_TAGS = (); }; };
		AC9FA7141BBC3DCA003F0F91 /* TwitterUser.swift in Sources */ = {isa = PBXBuildFile; fileRef = AC9FA7131BBC3DCA003F0F91 /* TwitterUser.swift */; settings = {ASSET_TAGS = (); }; };
		AC9FA73C1BBD04A8003F0F91 /* UserManager.swift in Sources */ = {isa = PBXBuildFile; fileRef = AC9FA73B1BBD04A8003F0F91 /* UserManager.swift */; settings = {ASSET_TAGS = (); }; };
		AC9FA73F1BBD05D2003F0F91 /* TimelineViewController.swift in Sources */ = {isa = PBXBuildFile; fileRef = AC9FA73E1BBD05D2003F0F91 /* TimelineViewController.swift */; settings = {ASSET_TAGS = (); }; };
		AC9FA7411BBD8D39003F0F91 /* DateUtils.swift in Sources */ = {isa = PBXBuildFile; fileRef = AC9FA7401BBD8D39003F0F91 /* DateUtils.swift */; settings = {ASSET_TAGS = (); }; };
		AC9FA7451BBED558003F0F91 /* AppUtils.swift in Sources */ = {isa = PBXBuildFile; fileRef = AC9FA7441BBED558003F0F91 /* AppUtils.swift */; settings = {ASSET_TAGS = (); }; };
		AC9FA74A1BBF8FCA003F0F91 /* TweetsTableViewCell.swift in Sources */ = {isa = PBXBuildFile; fileRef = AC9FA7491BBF8FCA003F0F91 /* TweetsTableViewCell.swift */; settings = {ASSET_TAGS = (); }; };
		AC9FA74C1BBF97BB003F0F91 /* Tweets.swift in Sources */ = {isa = PBXBuildFile; fileRef = AC9FA74B1BBF97BB003F0F91 /* Tweets.swift */; settings = {ASSET_TAGS = (); }; };
		AC9FA74E1BBF9B7F003F0F91 /* TweetsManager.swift in Sources */ = {isa = PBXBuildFile; fileRef = AC9FA74D1BBF9B7F003F0F91 /* TweetsManager.swift */; settings = {ASSET_TAGS = (); }; };
		AC9FA7501BC0364C003F0F91 /* tfontastic.ttf in Resources */ = {isa = PBXBuildFile; fileRef = AC9FA74F1BC0364C003F0F91 /* tfontastic.ttf */; settings = {ASSET_TAGS = (); }; };
		ACA46FCD1BC1C04D00BB4CF0 /* TweetAndOwnerViewCell.swift in Sources */ = {isa = PBXBuildFile; fileRef = ACA46FCC1BC1C04D00BB4CF0 /* TweetAndOwnerViewCell.swift */; settings = {ASSET_TAGS = (); }; };
		ACA46FCF1BC1C0F100BB4CF0 /* TweetDetailsViewController.swift in Sources */ = {isa = PBXBuildFile; fileRef = ACA46FCE1BC1C0F100BB4CF0 /* TweetDetailsViewController.swift */; settings = {ASSET_TAGS = (); }; };
		ACA46FD11BC1D38000BB4CF0 /* TweetMediaViewCell.swift in Sources */ = {isa = PBXBuildFile; fileRef = ACA46FD01BC1D38000BB4CF0 /* TweetMediaViewCell.swift */; settings = {ASSET_TAGS = (); }; };
		ACA46FD31BC1E4D200BB4CF0 /* TweetTimeStampViewCell.swift in Sources */ = {isa = PBXBuildFile; fileRef = ACA46FD21BC1E4D200BB4CF0 /* TweetTimeStampViewCell.swift */; settings = {ASSET_TAGS = (); }; };
		ACA46FD51BC1F02A00BB4CF0 /* FullImageViewController.swift in Sources */ = {isa = PBXBuildFile; fileRef = ACA46FD41BC1F02A00BB4CF0 /* FullImageViewController.swift */; settings = {ASSET_TAGS = (); }; };
		ACA46FD71BC1F60F00BB4CF0 /* TweetMeasuresViewCell.swift in Sources */ = {isa = PBXBuildFile; fileRef = ACA46FD61BC1F60F00BB4CF0 /* TweetMeasuresViewCell.swift */; settings = {ASSET_TAGS = (); }; };
		ACA46FD91BC1FB3800BB4CF0 /* NumberUtils.swift in Sources */ = {isa = PBXBuildFile; fileRef = ACA46FD81BC1FB3800BB4CF0 /* NumberUtils.swift */; settings = {ASSET_TAGS = (); }; };
		ACA46FDB1BC1FB5A00BB4CF0 /* AppExtensions.swift in Sources */ = {isa = PBXBuildFile; fileRef = ACA46FDA1BC1FB5A00BB4CF0 /* AppExtensions.swift */; settings = {ASSET_TAGS = (); }; };
		ACA46FDD1BC1FF0E00BB4CF0 /* UserActionViewCell.swift in Sources */ = {isa = PBXBuildFile; fileRef = ACA46FDC1BC1FF0E00BB4CF0 /* UserActionViewCell.swift */; settings = {ASSET_TAGS = (); }; };
		ACA849791BC8DE9F00BD533D /* MenuOptions.swift in Sources */ = {isa = PBXBuildFile; fileRef = ACA849781BC8DE9F00BD533D /* MenuOptions.swift */; settings = {ASSET_TAGS = (); }; };
		ACF1BB0D1BBBAD51001309CF /* AppDelegate.swift in Sources */ = {isa = PBXBuildFile; fileRef = ACF1BB0C1BBBAD51001309CF /* AppDelegate.swift */; };
		ACF1BB121BBBAD51001309CF /* Main.storyboard in Resources */ = {isa = PBXBuildFile; fileRef = ACF1BB101BBBAD51001309CF /* Main.storyboard */; };
		ACF1BB141BBBAD51001309CF /* Assets.xcassets in Resources */ = {isa = PBXBuildFile; fileRef = ACF1BB131BBBAD51001309CF /* Assets.xcassets */; };
		ACF1BB171BBBAD51001309CF /* LaunchScreen.storyboard in Resources */ = {isa = PBXBuildFile; fileRef = ACF1BB151BBBAD51001309CF /* LaunchScreen.storyboard */; };
		ACF824EB1BC2221B00C17987 /* TweetRepliesViewCell.swift in Sources */ = {isa = PBXBuildFile; fileRef = ACF824EA1BC2221B00C17987 /* TweetRepliesViewCell.swift */; settings = {ASSET_TAGS = (); }; };
/* End PBXBuildFile section */

/* Begin PBXFileReference section */
		09BCA7F7F784ADA5F2FB0E6F /* Pods.release.xcconfig */ = {isa = PBXFileReference; includeInIndex = 1; lastKnownFileType = text.xcconfig; name = Pods.release.xcconfig; path = "Pods/Target Support Files/Pods/Pods.release.xcconfig"; sourceTree = "<group>"; };
		564E2872BF7BAEF416C641C8 /* Pods.debug.xcconfig */ = {isa = PBXFileReference; includeInIndex = 1; lastKnownFileType = text.xcconfig; name = Pods.debug.xcconfig; path = "Pods/Target Support Files/Pods/Pods.debug.xcconfig"; sourceTree = "<group>"; };
		6EE3A7756C01FA64CBC43E21 /* Pods.framework */ = {isa = PBXFileReference; explicitFileType = wrapper.framework; includeInIndex = 0; path = Pods.framework; sourceTree = BUILT_PRODUCTS_DIR; };
		AC27A0931BC6CC57003B4E85 /* VCMangerViewController.swift */ = {isa = PBXFileReference; fileEncoding = 4; lastKnownFileType = sourcecode.swift; name = VCMangerViewController.swift; path = ViewControllers/VCMangerViewController.swift; sourceTree = "<group>"; };
		AC27A0951BC6CC99003B4E85 /* MenuViewController.swift */ = {isa = PBXFileReference; fileEncoding = 4; lastKnownFileType = sourcecode.swift; name = MenuViewController.swift; path = ViewControllers/MenuViewController.swift; sourceTree = "<group>"; };
		AC27A0971BC6CE3D003B4E85 /* MenuProfileViewCell.swift */ = {isa = PBXFileReference; fileEncoding = 4; lastKnownFileType = sourcecode.swift; name = MenuProfileViewCell.swift; path = Views/MenuProfileViewCell.swift; sourceTree = "<group>"; };
		AC27A0991BC6CE5A003B4E85 /* MenuOptionViewCell.swift */ = {isa = PBXFileReference; fileEncoding = 4; lastKnownFileType = sourcecode.swift; name = MenuOptionViewCell.swift; path = Views/MenuOptionViewCell.swift; sourceTree = "<group>"; };
		AC282C481BC08C6F00D2074C /* TweetComposerViewController.swift */ = {isa = PBXFileReference; fileEncoding = 4; lastKnownFileType = sourcecode.swift; name = TweetComposerViewController.swift; path = ViewControllers/TweetComposerViewController.swift; sourceTree = "<group>"; };
		AC6CBAC81BC81DDC004C42F0 /* UserProfileViewCell.swift */ = {isa = PBXFileReference; fileEncoding = 4; lastKnownFileType = sourcecode.swift; name = UserProfileViewCell.swift; path = Views/UserProfileViewCell.swift; sourceTree = "<group>"; };
		AC6CBACA1BC81E71004C42F0 /* UserProfileViewController.swift */ = {isa = PBXFileReference; fileEncoding = 4; lastKnownFileType = sourcecode.swift; name = UserProfileViewController.swift; path = ViewControllers/UserProfileViewController.swift; sourceTree = "<group>"; };
		AC9FA6CB1BBBAE03003F0F91 /* TwitterClient.swift */ = {isa = PBXFileReference; fileEncoding = 4; lastKnownFileType = sourcecode.swift; name = TwitterClient.swift; path = API/TwitterClient.swift; sourceTree = "<group>"; };
		AC9FA6CE1BBBAFE1003F0F91 /* CredentialsInfo.plist */ = {isa = PBXFileReference; fileEncoding = 4; lastKnownFileType = text.plist.xml; path = CredentialsInfo.plist; sourceTree = "<group>"; };
		AC9FA6D01BBBB02E003F0F91 /* TwitterLoginViewController.swift */ = {isa = PBXFileReference; fileEncoding = 4; lastKnownFileType = sourcecode.swift; name = TwitterLoginViewController.swift; path = ViewControllers/TwitterLoginViewController.swift; sourceTree = "<group>"; };
		AC9FA7101BBC2B28003F0F91 /* AppConstants.swift */ = {isa = PBXFileReference; fileEncoding = 4; lastKnownFileType = sourcecode.swift; name = AppConstants.swift; path = Utilities/AppConstants.swift; sourceTree = "<group>"; };
		AC9FA7131BBC3DCA003F0F91 /* TwitterUser.swift */ = {isa = PBXFileReference; fileEncoding = 4; lastKnownFileType = sourcecode.swift; name = TwitterUser.swift; path = Models/TwitterUser.swift; sourceTree = "<group>"; };
		AC9FA73B1BBD04A8003F0F91 /* UserManager.swift */ = {isa = PBXFileReference; fileEncoding = 4; lastKnownFileType = sourcecode.swift; name = UserManager.swift; path = Resources/UserManager.swift; sourceTree = "<group>"; };
		AC9FA73E1BBD05D2003F0F91 /* TimelineViewController.swift */ = {isa = PBXFileReference; fileEncoding = 4; lastKnownFileType = sourcecode.swift; name = TimelineViewController.swift; path = ViewControllers/TimelineViewController.swift; sourceTree = "<group>"; };
		AC9FA7401BBD8D39003F0F91 /* DateUtils.swift */ = {isa = PBXFileReference; fileEncoding = 4; lastKnownFileType = sourcecode.swift; name = DateUtils.swift; path = Utilities/DateUtils.swift; sourceTree = "<group>"; };
		AC9FA7441BBED558003F0F91 /* AppUtils.swift */ = {isa = PBXFileReference; fileEncoding = 4; lastKnownFileType = sourcecode.swift; name = AppUtils.swift; path = Utilities/AppUtils.swift; sourceTree = "<group>"; };
		AC9FA7491BBF8FCA003F0F91 /* TweetsTableViewCell.swift */ = {isa = PBXFileReference; fileEncoding = 4; lastKnownFileType = sourcecode.swift; name = TweetsTableViewCell.swift; path = Views/TweetsTableViewCell.swift; sourceTree = "<group>"; };
		AC9FA74B1BBF97BB003F0F91 /* Tweets.swift */ = {isa = PBXFileReference; fileEncoding = 4; lastKnownFileType = sourcecode.swift; name = Tweets.swift; path = Models/Tweets.swift; sourceTree = "<group>"; };
		AC9FA74D1BBF9B7F003F0F91 /* TweetsManager.swift */ = {isa = PBXFileReference; fileEncoding = 4; lastKnownFileType = sourcecode.swift; name = TweetsManager.swift; path = Resources/TweetsManager.swift; sourceTree = "<group>"; };
		AC9FA74F1BC0364C003F0F91 /* tfontastic.ttf */ = {isa = PBXFileReference; lastKnownFileType = file; path = tfontastic.ttf; sourceTree = "<group>"; };
		ACA46FCC1BC1C04D00BB4CF0 /* TweetAndOwnerViewCell.swift */ = {isa = PBXFileReference; fileEncoding = 4; lastKnownFileType = sourcecode.swift; name = TweetAndOwnerViewCell.swift; path = Views/TweetAndOwnerViewCell.swift; sourceTree = "<group>"; };
		ACA46FCE1BC1C0F100BB4CF0 /* TweetDetailsViewController.swift */ = {isa = PBXFileReference; fileEncoding = 4; lastKnownFileType = sourcecode.swift; name = TweetDetailsViewController.swift; path = ViewControllers/TweetDetailsViewController.swift; sourceTree = "<group>"; };
		ACA46FD01BC1D38000BB4CF0 /* TweetMediaViewCell.swift */ = {isa = PBXFileReference; fileEncoding = 4; lastKnownFileType = sourcecode.swift; name = TweetMediaViewCell.swift; path = Views/TweetMediaViewCell.swift; sourceTree = "<group>"; };
		ACA46FD21BC1E4D200BB4CF0 /* TweetTimeStampViewCell.swift */ = {isa = PBXFileReference; fileEncoding = 4; lastKnownFileType = sourcecode.swift; name = TweetTimeStampViewCell.swift; path = Views/TweetTimeStampViewCell.swift; sourceTree = "<group>"; };
		ACA46FD41BC1F02A00BB4CF0 /* FullImageViewController.swift */ = {isa = PBXFileReference; fileEncoding = 4; lastKnownFileType = sourcecode.swift; name = FullImageViewController.swift; path = ViewControllers/FullImageViewController.swift; sourceTree = "<group>"; };
		ACA46FD61BC1F60F00BB4CF0 /* TweetMeasuresViewCell.swift */ = {isa = PBXFileReference; fileEncoding = 4; lastKnownFileType = sourcecode.swift; name = TweetMeasuresViewCell.swift; path = Views/TweetMeasuresViewCell.swift; sourceTree = "<group>"; };
		ACA46FD81BC1FB3800BB4CF0 /* NumberUtils.swift */ = {isa = PBXFileReference; fileEncoding = 4; lastKnownFileType = sourcecode.swift; name = NumberUtils.swift; path = Utilities/NumberUtils.swift; sourceTree = "<group>"; };
		ACA46FDA1BC1FB5A00BB4CF0 /* AppExtensions.swift */ = {isa = PBXFileReference; fileEncoding = 4; lastKnownFileType = sourcecode.swift; name = AppExtensions.swift; path = Utilities/AppExtensions.swift; sourceTree = "<group>"; };
		ACA46FDC1BC1FF0E00BB4CF0 /* UserActionViewCell.swift */ = {isa = PBXFileReference; fileEncoding = 4; lastKnownFileType = sourcecode.swift; path = UserActionViewCell.swift; sourceTree = "<group>"; };
		ACA849781BC8DE9F00BD533D /* MenuOptions.swift */ = {isa = PBXFileReference; fileEncoding = 4; lastKnownFileType = sourcecode.swift; name = MenuOptions.swift; path = Utilities/MenuOptions.swift; sourceTree = "<group>"; };
		ACF1BB091BBBAD51001309CF /* Twitter.app */ = {isa = PBXFileReference; explicitFileType = wrapper.application; includeInIndex = 0; path = Twitter.app; sourceTree = BUILT_PRODUCTS_DIR; };
		ACF1BB0C1BBBAD51001309CF /* AppDelegate.swift */ = {isa = PBXFileReference; lastKnownFileType = sourcecode.swift; path = AppDelegate.swift; sourceTree = "<group>"; };
		ACF1BB111BBBAD51001309CF /* Base */ = {isa = PBXFileReference; lastKnownFileType = file.storyboard; name = Base; path = Base.lproj/Main.storyboard; sourceTree = "<group>"; };
		ACF1BB131BBBAD51001309CF /* Assets.xcassets */ = {isa = PBXFileReference; lastKnownFileType = folder.assetcatalog; path = Assets.xcassets; sourceTree = "<group>"; };
		ACF1BB161BBBAD51001309CF /* Base */ = {isa = PBXFileReference; lastKnownFileType = file.storyboard; name = Base; path = Base.lproj/LaunchScreen.storyboard; sourceTree = "<group>"; };
		ACF1BB181BBBAD51001309CF /* Info.plist */ = {isa = PBXFileReference; lastKnownFileType = text.plist.xml; path = Info.plist; sourceTree = "<group>"; };
		ACF824EA1BC2221B00C17987 /* TweetRepliesViewCell.swift */ = {isa = PBXFileReference; fileEncoding = 4; lastKnownFileType = sourcecode.swift; name = TweetRepliesViewCell.swift; path = Views/TweetRepliesViewCell.swift; sourceTree = "<group>"; };
/* End PBXFileReference section */

/* Begin PBXFrameworksBuildPhase section */
		ACF1BB061BBBAD51001309CF /* Frameworks */ = {
			isa = PBXFrameworksBuildPhase;
			buildActionMask = 2147483647;
			files = (
				11009C386F105210965D5489 /* Pods.framework in Frameworks */,
			);
			runOnlyForDeploymentPostprocessing = 0;
		};
/* End PBXFrameworksBuildPhase section */

/* Begin PBXGroup section */
		1E6291FB186BC3DC20AA11B5 /* Pods */ = {
			isa = PBXGroup;
			children = (
				564E2872BF7BAEF416C641C8 /* Pods.debug.xcconfig */,
				09BCA7F7F784ADA5F2FB0E6F /* Pods.release.xcconfig */,
			);
			name = Pods;
			sourceTree = "<group>";
		};
		AC9FA6CA1BBBADE8003F0F91 /* API */ = {
			isa = PBXGroup;
			children = (
				AC9FA6CB1BBBAE03003F0F91 /* TwitterClient.swift */,
			);
			name = API;
			sourceTree = "<group>";
		};
		AC9FA6CD1BBBAF94003F0F91 /* Supporting Files */ = {
			isa = PBXGroup;
			children = (
				AC9FA74F1BC0364C003F0F91 /* tfontastic.ttf */,
				ACF1BB181BBBAD51001309CF /* Info.plist */,
				ACF1BB131BBBAD51001309CF /* Assets.xcassets */,
				ACF1BB151BBBAD51001309CF /* LaunchScreen.storyboard */,
				AC9FA6CE1BBBAFE1003F0F91 /* CredentialsInfo.plist */,
			);
			name = "Supporting Files";
			sourceTree = "<group>";
		};
		AC9FA6D21BBBB0B1003F0F91 /* ViewControllers */ = {
			isa = PBXGroup;
			children = (
				AC9FA6D01BBBB02E003F0F91 /* TwitterLoginViewController.swift */,
				AC9FA73E1BBD05D2003F0F91 /* TimelineViewController.swift */,
				AC282C481BC08C6F00D2074C /* TweetComposerViewController.swift */,
				ACA46FCE1BC1C0F100BB4CF0 /* TweetDetailsViewController.swift */,
				ACA46FD41BC1F02A00BB4CF0 /* FullImageViewController.swift */,
				AC27A0931BC6CC57003B4E85 /* VCMangerViewController.swift */,
				AC27A0951BC6CC99003B4E85 /* MenuViewController.swift */,
				AC6CBACA1BC81E71004C42F0 /* UserProfileViewController.swift */,
			);
			name = ViewControllers;
			sourceTree = "<group>";
		};
		AC9FA70F1BBC2AF2003F0F91 /* Utilities */ = {
			isa = PBXGroup;
			children = (
				AC9FA7101BBC2B28003F0F91 /* AppConstants.swift */,
				AC9FA7441BBED558003F0F91 /* AppUtils.swift */,
				AC9FA7401BBD8D39003F0F91 /* DateUtils.swift */,
				ACA46FD81BC1FB3800BB4CF0 /* NumberUtils.swift */,
				ACA46FDA1BC1FB5A00BB4CF0 /* AppExtensions.swift */,
				ACA849781BC8DE9F00BD533D /* MenuOptions.swift */,
			);
			name = Utilities;
			sourceTree = "<group>";
		};
		AC9FA7121BBC3D9D003F0F91 /* Models */ = {
			isa = PBXGroup;
			children = (
				AC9FA7131BBC3DCA003F0F91 /* TwitterUser.swift */,
				AC9FA74B1BBF97BB003F0F91 /* Tweets.swift */,
			);
			name = Models;
			sourceTree = "<group>";
		};
		AC9FA73D1BBD0570003F0F91 /* Resources */ = {
			isa = PBXGroup;
			children = (
				AC9FA73B1BBD04A8003F0F91 /* UserManager.swift */,
				AC9FA74D1BBF9B7F003F0F91 /* TweetsManager.swift */,
			);
			name = Resources;
			sourceTree = "<group>";
		};
		AC9FA7481BBF8F9B003F0F91 /* Views */ = {
			isa = PBXGroup;
			children = (
				AC9FA7491BBF8FCA003F0F91 /* TweetsTableViewCell.swift */,
				ACA46FCC1BC1C04D00BB4CF0 /* TweetAndOwnerViewCell.swift */,
				ACA46FD01BC1D38000BB4CF0 /* TweetMediaViewCell.swift */,
				ACA46FD21BC1E4D200BB4CF0 /* TweetTimeStampViewCell.swift */,
				ACA46FD61BC1F60F00BB4CF0 /* TweetMeasuresViewCell.swift */,
				ACA46FDC1BC1FF0E00BB4CF0 /* UserActionViewCell.swift */,
				ACF824EA1BC2221B00C17987 /* TweetRepliesViewCell.swift */,
				AC27A0971BC6CE3D003B4E85 /* MenuProfileViewCell.swift */,
				AC27A0991BC6CE5A003B4E85 /* MenuOptionViewCell.swift */,
				AC6CBAC81BC81DDC004C42F0 /* UserProfileViewCell.swift */,
			);
			name = Views;
			sourceTree = "<group>";
		};
		ACF1BB001BBBAD51001309CF = {
			isa = PBXGroup;
			children = (
				ACF1BB0B1BBBAD51001309CF /* Twitter */,
				ACF1BB0A1BBBAD51001309CF /* Products */,
				1E6291FB186BC3DC20AA11B5 /* Pods */,
				B1CD64631DB56E3DC22866E4 /* Frameworks */,
			);
			sourceTree = "<group>";
		};
		ACF1BB0A1BBBAD51001309CF /* Products */ = {
			isa = PBXGroup;
			children = (
				ACF1BB091BBBAD51001309CF /* Twitter.app */,
			);
			name = Products;
			sourceTree = "<group>";
		};
		ACF1BB0B1BBBAD51001309CF /* Twitter */ = {
			isa = PBXGroup;
			children = (
				ACF1BB0C1BBBAD51001309CF /* AppDelegate.swift */,
				ACF1BB101BBBAD51001309CF /* Main.storyboard */,
				AC9FA7481BBF8F9B003F0F91 /* Views */,
				AC9FA7121BBC3D9D003F0F91 /* Models */,
				AC9FA6D21BBBB0B1003F0F91 /* ViewControllers */,
				AC9FA6CA1BBBADE8003F0F91 /* API */,
				AC9FA70F1BBC2AF2003F0F91 /* Utilities */,
				AC9FA73D1BBD0570003F0F91 /* Resources */,
				AC9FA6CD1BBBAF94003F0F91 /* Supporting Files */,
			);
			path = Twitter;
			sourceTree = "<group>";
		};
		B1CD64631DB56E3DC22866E4 /* Frameworks */ = {
			isa = PBXGroup;
			children = (
				6EE3A7756C01FA64CBC43E21 /* Pods.framework */,
			);
			name = Frameworks;
			sourceTree = "<group>";
		};
/* End PBXGroup section */

/* Begin PBXNativeTarget section */
		ACF1BB081BBBAD51001309CF /* Twitter */ = {
			isa = PBXNativeTarget;
			buildConfigurationList = ACF1BB1B1BBBAD51001309CF /* Build configuration list for PBXNativeTarget "Twitter" */;
			buildPhases = (
				9DF1EF85A611314A19116CEB /* Check Pods Manifest.lock */,
				ACF1BB051BBBAD51001309CF /* Sources */,
				ACF1BB061BBBAD51001309CF /* Frameworks */,
				ACF1BB071BBBAD51001309CF /* Resources */,
				2C86567EADD1A9E36BB802C4 /* Embed Pods Frameworks */,
				F78F0439FACB9AE6F41EBBD6 /* Copy Pods Resources */,
			);
			buildRules = (
			);
			dependencies = (
			);
			name = Twitter;
			productName = Twitter;
			productReference = ACF1BB091BBBAD51001309CF /* Twitter.app */;
			productType = "com.apple.product-type.application";
		};
/* End PBXNativeTarget section */

/* Begin PBXProject section */
		ACF1BB011BBBAD51001309CF /* Project object */ = {
			isa = PBXProject;
			attributes = {
				LastUpgradeCheck = 0700;
				ORGANIZATIONNAME = ple;
				TargetAttributes = {
					ACF1BB081BBBAD51001309CF = {
						CreatedOnToolsVersion = 7.0.1;
						DevelopmentTeam = U4SX4BRLM6;
					};
				};
			};
			buildConfigurationList = ACF1BB041BBBAD51001309CF /* Build configuration list for PBXProject "Twitter" */;
			compatibilityVersion = "Xcode 3.2";
			developmentRegion = English;
			hasScannedForEncodings = 0;
			knownRegions = (
				en,
				Base,
			);
			mainGroup = ACF1BB001BBBAD51001309CF;
			productRefGroup = ACF1BB0A1BBBAD51001309CF /* Products */;
			projectDirPath = "";
			projectRoot = "";
			targets = (
				ACF1BB081BBBAD51001309CF /* Twitter */,
			);
		};
/* End PBXProject section */

/* Begin PBXResourcesBuildPhase section */
		ACF1BB071BBBAD51001309CF /* Resources */ = {
			isa = PBXResourcesBuildPhase;
			buildActionMask = 2147483647;
			files = (
				ACF1BB171BBBAD51001309CF /* LaunchScreen.storyboard in Resources */,
				AC9FA6CF1BBBAFE1003F0F91 /* CredentialsInfo.plist in Resources */,
				AC9FA7501BC0364C003F0F91 /* tfontastic.ttf in Resources */,
				ACF1BB141BBBAD51001309CF /* Assets.xcassets in Resources */,
				ACF1BB121BBBAD51001309CF /* Main.storyboard in Resources */,
			);
			runOnlyForDeploymentPostprocessing = 0;
		};
/* End PBXResourcesBuildPhase section */

/* Begin PBXShellScriptBuildPhase section */
		2C86567EADD1A9E36BB802C4 /* Embed Pods Frameworks */ = {
			isa = PBXShellScriptBuildPhase;
			buildActionMask = 2147483647;
			files = (
			);
			inputPaths = (
			);
			name = "Embed Pods Frameworks";
			outputPaths = (
			);
			runOnlyForDeploymentPostprocessing = 0;
			shellPath = /bin/sh;
			shellScript = "\"${SRCROOT}/Pods/Target Support Files/Pods/Pods-frameworks.sh\"\n";
			showEnvVarsInLog = 0;
		};
		9DF1EF85A611314A19116CEB /* Check Pods Manifest.lock */ = {
			isa = PBXShellScriptBuildPhase;
			buildActionMask = 2147483647;
			files = (
			);
			inputPaths = (
			);
			name = "Check Pods Manifest.lock";
			outputPaths = (
			);
			runOnlyForDeploymentPostprocessing = 0;
			shellPath = /bin/sh;
			shellScript = "diff \"${PODS_ROOT}/../Podfile.lock\" \"${PODS_ROOT}/Manifest.lock\" > /dev/null\nif [[ $? != 0 ]] ; then\n    cat << EOM\nerror: The sandbox is not in sync with the Podfile.lock. Run 'pod install' or update your CocoaPods installation.\nEOM\n    exit 1\nfi\n";
			showEnvVarsInLog = 0;
		};
		F78F0439FACB9AE6F41EBBD6 /* Copy Pods Resources */ = {
			isa = PBXShellScriptBuildPhase;
			buildActionMask = 2147483647;
			files = (
			);
			inputPaths = (
			);
			name = "Copy Pods Resources";
			outputPaths = (
			);
			runOnlyForDeploymentPostprocessing = 0;
			shellPath = /bin/sh;
			shellScript = "\"${SRCROOT}/Pods/Target Support Files/Pods/Pods-resources.sh\"\n";
			showEnvVarsInLog = 0;
		};
/* End PBXShellScriptBuildPhase section */

/* Begin PBXSourcesBuildPhase section */
		ACF1BB051BBBAD51001309CF /* Sources */ = {
			isa = PBXSourcesBuildPhase;
			buildActionMask = 2147483647;
			files = (
				AC9FA7451BBED558003F0F91 /* AppUtils.swift in Sources */,
				AC9FA73C1BBD04A8003F0F91 /* UserManager.swift in Sources */,
				ACA46FCD1BC1C04D00BB4CF0 /* TweetAndOwnerViewCell.swift in Sources */,
				AC282C491BC08C6F00D2074C /* TweetComposerViewController.swift in Sources */,
				AC9FA7411BBD8D39003F0F91 /* DateUtils.swift in Sources */,
				AC9FA74A1BBF8FCA003F0F91 /* TweetsTableViewCell.swift in Sources */,
				ACA46FDB1BC1FB5A00BB4CF0 /* AppExtensions.swift in Sources */,
				ACA46FD91BC1FB3800BB4CF0 /* NumberUtils.swift in Sources */,
				AC9FA6CC1BBBAE03003F0F91 /* TwitterClient.swift in Sources */,
				ACA46FD11BC1D38000BB4CF0 /* TweetMediaViewCell.swift in Sources */,
				AC6CBACB1BC81E71004C42F0 /* UserProfileViewController.swift in Sources */,
				ACA46FCF1BC1C0F100BB4CF0 /* TweetDetailsViewController.swift in Sources */,
				ACA46FD31BC1E4D200BB4CF0 /* TweetTimeStampViewCell.swift in Sources */,
				AC9FA74E1BBF9B7F003F0F91 /* TweetsManager.swift in Sources */,
				ACA46FD51BC1F02A00BB4CF0 /* FullImageViewController.swift in Sources */,
				ACF824EB1BC2221B00C17987 /* TweetRepliesViewCell.swift in Sources */,
				AC6CBAC91BC81DDC004C42F0 /* UserProfileViewCell.swift in Sources */,
				ACA849791BC8DE9F00BD533D /* MenuOptions.swift in Sources */,
				AC9FA6D11BBBB02E003F0F91 /* TwitterLoginViewController.swift in Sources */,
				AC27A0961BC6CC99003B4E85 /* MenuViewController.swift in Sources */,
				ACA46FD71BC1F60F00BB4CF0 /* TweetMeasuresViewCell.swift in Sources */,
				AC27A0941BC6CC57003B4E85 /* VCMangerViewController.swift in Sources */,
				AC27A09A1BC6CE5A003B4E85 /* MenuOptionViewCell.swift in Sources */,
				AC9FA74C1BBF97BB003F0F91 /* Tweets.swift in Sources */,
				AC9FA73F1BBD05D2003F0F91 /* TimelineViewController.swift in Sources */,
				AC27A0981BC6CE3D003B4E85 /* MenuProfileViewCell.swift in Sources */,
				ACF1BB0D1BBBAD51001309CF /* AppDelegate.swift in Sources */,
				ACA46FDD1BC1FF0E00BB4CF0 /* UserActionViewCell.swift in Sources */,
				AC9FA7141BBC3DCA003F0F91 /* TwitterUser.swift in Sources */,
				AC9FA7111BBC2B28003F0F91 /* AppConstants.swift in Sources */,
			);
			runOnlyForDeploymentPostprocessing = 0;
		};
/* End PBXSourcesBuildPhase section */

/* Begin PBXVariantGroup section */
		ACF1BB101BBBAD51001309CF /* Main.storyboard */ = {
			isa = PBXVariantGroup;
			children = (
				ACF1BB111BBBAD51001309CF /* Base */,
			);
			name = Main.storyboard;
			sourceTree = "<group>";
		};
		ACF1BB151BBBAD51001309CF /* LaunchScreen.storyboard */ = {
			isa = PBXVariantGroup;
			children = (
				ACF1BB161BBBAD51001309CF /* Base */,
			);
			name = LaunchScreen.storyboard;
			sourceTree = "<group>";
		};
/* End PBXVariantGroup section */

/* Begin XCBuildConfiguration section */
		ACF1BB191BBBAD51001309CF /* Debug */ = {
			isa = XCBuildConfiguration;
			buildSettings = {
				ALWAYS_SEARCH_USER_PATHS = NO;
				CLANG_CXX_LANGUAGE_STANDARD = "gnu++0x";
				CLANG_CXX_LIBRARY = "libc++";
				CLANG_ENABLE_MODULES = YES;
				CLANG_ENABLE_OBJC_ARC = YES;
				CLANG_WARN_BOOL_CONVERSION = YES;
				CLANG_WARN_CONSTANT_CONVERSION = YES;
				CLANG_WARN_DIRECT_OBJC_ISA_USAGE = YES_ERROR;
				CLANG_WARN_EMPTY_BODY = YES;
				CLANG_WARN_ENUM_CONVERSION = YES;
				CLANG_WARN_INT_CONVERSION = YES;
				CLANG_WARN_OBJC_ROOT_CLASS = YES_ERROR;
				CLANG_WARN_UNREACHABLE_CODE = YES;
				CLANG_WARN__DUPLICATE_METHOD_MATCH = YES;
				"CODE_SIGN_IDENTITY[sdk=iphoneos*]" = "iPhone Developer";
				COPY_PHASE_STRIP = NO;
				DEBUG_INFORMATION_FORMAT = dwarf;
				ENABLE_STRICT_OBJC_MSGSEND = YES;
				ENABLE_TESTABILITY = YES;
				GCC_C_LANGUAGE_STANDARD = gnu99;
				GCC_DYNAMIC_NO_PIC = NO;
				GCC_NO_COMMON_BLOCKS = YES;
				GCC_OPTIMIZATION_LEVEL = 0;
				GCC_PREPROCESSOR_DEFINITIONS = (
					"DEBUG=1",
					"$(inherited)",
				);
				GCC_WARN_64_TO_32_BIT_CONVERSION = YES;
				GCC_WARN_ABOUT_RETURN_TYPE = YES_ERROR;
				GCC_WARN_UNDECLARED_SELECTOR = YES;
				GCC_WARN_UNINITIALIZED_AUTOS = YES_AGGRESSIVE;
				GCC_WARN_UNUSED_FUNCTION = YES;
				GCC_WARN_UNUSED_VARIABLE = YES;
				IPHONEOS_DEPLOYMENT_TARGET = 9.0;
				MTL_ENABLE_DEBUG_INFO = YES;
				ONLY_ACTIVE_ARCH = YES;
				SDKROOT = iphoneos;
				SWIFT_OPTIMIZATION_LEVEL = "-Onone";
				TARGETED_DEVICE_FAMILY = "1,2";
			};
			name = Debug;
		};
		ACF1BB1A1BBBAD51001309CF /* Release */ = {
			isa = XCBuildConfiguration;
			buildSettings = {
				ALWAYS_SEARCH_USER_PATHS = NO;
				CLANG_CXX_LANGUAGE_STANDARD = "gnu++0x";
				CLANG_CXX_LIBRARY = "libc++";
				CLANG_ENABLE_MODULES = YES;
				CLANG_ENABLE_OBJC_ARC = YES;
				CLANG_WARN_BOOL_CONVERSION = YES;
				CLANG_WARN_CONSTANT_CONVERSION = YES;
				CLANG_WARN_DIRECT_OBJC_ISA_USAGE = YES_ERROR;
				CLANG_WARN_EMPTY_BODY = YES;
				CLANG_WARN_ENUM_CONVERSION = YES;
				CLANG_WARN_INT_CONVERSION = YES;
				CLANG_WARN_OBJC_ROOT_CLASS = YES_ERROR;
				CLANG_WARN_UNREACHABLE_CODE = YES;
				CLANG_WARN__DUPLICATE_METHOD_MATCH = YES;
				"CODE_SIGN_IDENTITY[sdk=iphoneos*]" = "iPhone Developer";
				COPY_PHASE_STRIP = NO;
				DEBUG_INFORMATION_FORMAT = "dwarf-with-dsym";
				ENABLE_NS_ASSERTIONS = NO;
				ENABLE_STRICT_OBJC_MSGSEND = YES;
				GCC_C_LANGUAGE_STANDARD = gnu99;
				GCC_NO_COMMON_BLOCKS = YES;
				GCC_WARN_64_TO_32_BIT_CONVERSION = YES;
				GCC_WARN_ABOUT_RETURN_TYPE = YES_ERROR;
				GCC_WARN_UNDECLARED_SELECTOR = YES;
				GCC_WARN_UNINITIALIZED_AUTOS = YES_AGGRESSIVE;
				GCC_WARN_UNUSED_FUNCTION = YES;
				GCC_WARN_UNUSED_VARIABLE = YES;
				IPHONEOS_DEPLOYMENT_TARGET = 9.0;
				MTL_ENABLE_DEBUG_INFO = NO;
				SDKROOT = iphoneos;
				TARGETED_DEVICE_FAMILY = "1,2";
				VALIDATE_PRODUCT = YES;
			};
			name = Release;
		};
		ACF1BB1C1BBBAD51001309CF /* Debug */ = {
			isa = XCBuildConfiguration;
			baseConfigurationReference = 564E2872BF7BAEF416C641C8 /* Pods.debug.xcconfig */;
			buildSettings = {
				ASSETCATALOG_COMPILER_APPICON_NAME = AppIcon;
				INFOPLIST_FILE = Twitter/Info.plist;
				LD_RUNPATH_SEARCH_PATHS = "$(inherited) @executable_path/Frameworks";
				PRODUCT_BUNDLE_IDENTIFIER = info.amays.Twitter;
				PRODUCT_NAME = "$(TARGET_NAME)";
			};
			name = Debug;
		};
		ACF1BB1D1BBBAD51001309CF /* Release */ = {
			isa = XCBuildConfiguration;
			baseConfigurationReference = 09BCA7F7F784ADA5F2FB0E6F /* Pods.release.xcconfig */;
			buildSettings = {
				ASSETCATALOG_COMPILER_APPICON_NAME = AppIcon;
				INFOPLIST_FILE = Twitter/Info.plist;
				LD_RUNPATH_SEARCH_PATHS = "$(inherited) @executable_path/Frameworks";
				PRODUCT_BUNDLE_IDENTIFIER = info.amays.Twitter;
				PRODUCT_NAME = "$(TARGET_NAME)";
			};
			name = Release;
		};
/* End XCBuildConfiguration section */

/* Begin XCConfigurationList section */
		ACF1BB041BBBAD51001309CF /* Build configuration list for PBXProject "Twitter" */ = {
			isa = XCConfigurationList;
			buildConfigurations = (
				ACF1BB191BBBAD51001309CF /* Debug */,
				ACF1BB1A1BBBAD51001309CF /* Release */,
			);
			defaultConfigurationIsVisible = 0;
			defaultConfigurationName = Release;
		};
		ACF1BB1B1BBBAD51001309CF /* Build configuration list for PBXNativeTarget "Twitter" */ = {
			isa = XCConfigurationList;
			buildConfigurations = (
				ACF1BB1C1BBBAD51001309CF /* Debug */,
				ACF1BB1D1BBBAD51001309CF /* Release */,
			);
			defaultConfigurationIsVisible = 0;
			defaultConfigurationName = Release;
		};
/* End XCConfigurationList section */
	};
	rootObject = ACF1BB011BBBAD51001309CF /* Project object */;
}
